
Microsoft Visual Studio Solution File, Format Version 12.00
# Visual Studio Version 16
VisualStudioVersion = 16.0.31112.23
MinimumVisualStudioVersion = 10.0.40219.1
Project("{8BC9CEB8-8B4A-11D0-8D11-00A0C91BC942}") = "Lab", "Lab\Lab.vcxproj", "{4795FAC6-F800-46DB-997F-3241C64A176E}"
EndProject
Project("{8BC9CEB8-8B4A-11D0-8D11-00A0C91BC942}") = "UnitTest", "UnitTest\UnitTest.vcxproj", "{CD9CA659-118D-4ADB-9743-ADDBADDF1FCD}"
EndProject
Global
	GlobalSection(SolutionConfigurationPlatforms) = preSolution
		Debug|x64 = Debug|x64
		Debug|x86 = Debug|x86
		Release|x64 = Release|x64
		Release|x86 = Release|x86
	EndGlobalSection
	GlobalSection(ProjectConfigurationPlatforms) = postSolution
		{4795FAC6-F800-46DB-997F-3241C64A176E}.Debug|x64.ActiveCfg = Debug|x64
		{4795FAC6-F800-46DB-997F-3241C64A176E}.Debug|x64.Build.0 = Debug|x64
		{4795FAC6-F800-46DB-997F-3241C64A176E}.Debug|x86.ActiveCfg = Debug|Win32
		{4795FAC6-F800-46DB-997F-3241C64A176E}.Debug|x86.Build.0 = Debug|Win32
		{4795FAC6-F800-46DB-997F-3241C64A176E}.Release|x64.ActiveCfg = Release|x64
		{4795FAC6-F800-46DB-997F-3241C64A176E}.Release|x64.Build.0 = Release|x64
		{4795FAC6-F800-46DB-997F-3241C64A176E}.Release|x86.ActiveCfg = Release|Win32
		{4795FAC6-F800-46DB-997F-3241C64A176E}.Release|x86.Build.0 = Release|Win32
		{CD9CA659-118D-4ADB-9743-ADDBADDF1FCD}.Debug|x64.ActiveCfg = Debug|x64
		{CD9CA659-118D-4ADB-9743-ADDBADDF1FCD}.Debug|x64.Build.0 = Debug|x64
		{CD9CA659-118D-4ADB-9743-ADDBADDF1FCD}.Debug|x86.ActiveCfg = Debug|Win32
		{CD9CA659-118D-4ADB-9743-ADDBADDF1FCD}.Debug|x86.Build.0 = Debug|Win32
		{CD9CA659-118D-4ADB-9743-ADDBADDF1FCD}.Release|x64.ActiveCfg = Release|x64
		{CD9CA659-118D-4ADB-9743-ADDBADDF1FCD}.Release|x64.Build.0 = Release|x64
		{CD9CA659-118D-4ADB-9743-ADDBADDF1FCD}.Release|x86.ActiveCfg = Release|Win32
		{CD9CA659-118D-4ADB-9743-ADDBADDF1FCD}.Release|x86.Build.0 = Release|Win32
	EndGlobalSection
	GlobalSection(SolutionProperties) = preSolution
		HideSolutionNode = FALSE
	EndGlobalSection
	GlobalSection(ExtensibilityGlobals) = postSolution
		SolutionGuid = {0D879BA9-38D4-4BF5-9055-B56ABA625F27}
	EndGlobalSection
EndGlobal
